
Microsoft Visual Studio Solution File, Format Version 12.00
# Visual Studio Version 17
VisualStudioVersion = 17.4.33213.308
MinimumVisualStudioVersion = 10.0.40219.1
Project("{FAE04EC0-301F-11D3-BF4B-00C04F79EFBC}") = "ConsoleApp1", "ConsoleApp1.csproj", "{3841A672-11CF-4F15-A364-C2B6BFD4ABB8}"
EndProject
Global
	GlobalSection(SolutionConfigurationPlatforms) = preSolution
		Debug|Any CPU = Debug|Any CPU
		Release|Any CPU = Release|Any CPU
	EndGlobalSection
	GlobalSection(ProjectConfigurationPlatforms) = postSolution
		{3841A672-11CF-4F15-A364-C2B6BFD4ABB8}.Debug|Any CPU.ActiveCfg = Debug|Any CPU
		{3841A672-11CF-4F15-A364-C2B6BFD4ABB8}.Debug|Any CPU.Build.0 = Debug|Any CPU
		{3841A672-11CF-4F15-A364-C2B6BFD4ABB8}.Release|Any CPU.ActiveCfg = Release|Any CPU
		{3841A672-11CF-4F15-A364-C2B6BFD4ABB8}.Release|Any CPU.Build.0 = Release|Any CPU
	EndGlobalSection
	GlobalSection(SolutionProperties) = preSolution
		HideSolutionNode = FALSE
	EndGlobalSection
	GlobalSection(ExtensibilityGlobals) = postSolution
		SolutionGuid = {8CE9488E-25AD-4EA2-99E9-E5C9974F7ECF}
	EndGlobalSection
EndGlobal
